
Microsoft Visual Studio Solution File, Format Version 12.00
# Visual Studio Version 17
VisualStudioVersion = 17.10.34916.146
MinimumVisualStudioVersion = 10.0.40219.1
Project("{FAE04EC0-301F-11D3-BF4B-00C04F79EFBC}") = "1nedely", "1nedely\1nedely.csproj", "{122A5DE7-E5E4-4B33-ADC4-4C5DEE0524FD}"
EndProject
Global
	GlobalSection(SolutionConfigurationPlatforms) = preSolution
		Debug|Any CPU = Debug|Any CPU
		Release|Any CPU = Release|Any CPU
	EndGlobalSection
	GlobalSection(ProjectConfigurationPlatforms) = postSolution
		{122A5DE7-E5E4-4B33-ADC4-4C5DEE0524FD}.Debug|Any CPU.ActiveCfg = Debug|Any CPU
		{122A5DE7-E5E4-4B33-ADC4-4C5DEE0524FD}.Debug|Any CPU.Build.0 = Debug|Any CPU
		{122A5DE7-E5E4-4B33-ADC4-4C5DEE0524FD}.Release|Any CPU.ActiveCfg = Release|Any CPU
		{122A5DE7-E5E4-4B33-ADC4-4C5DEE0524FD}.Release|Any CPU.Build.0 = Release|Any CPU
	EndGlobalSection
	GlobalSection(SolutionProperties) = preSolution
		HideSolutionNode = FALSE
	EndGlobalSection
	GlobalSection(ExtensibilityGlobals) = postSolution
		SolutionGuid = {67BBBAFC-BD9E-41DB-BBC9-0F7EF6F7EB92}
	EndGlobalSection
EndGlobal
